
Microsoft Visual Studio Solution File, Format Version 12.00
# Visual Studio Version 17
VisualStudioVersion = 17.0.32112.339
MinimumVisualStudioVersion = 10.0.40219.1
Project("{FAE04EC0-301F-11D3-BF4B-00C04F79EFBC}") = "BlazorApplication.Server", "BlazorApplication\Server\BlazorApplication.Server.csproj", "{18ABBD3E-24FD-4492-A6D3-40021FBFCFFE}"
EndProject
Project("{FAE04EC0-301F-11D3-BF4B-00C04F79EFBC}") = "BlazorApplication.Client", "BlazorApplication\Client\BlazorApplication.Client.csproj", "{87F4CF18-6CE0-45E8-96F3-D92D19F01789}"
EndProject
Project("{FAE04EC0-301F-11D3-BF4B-00C04F79EFBC}") = "BlazorApplication.Shared", "BlazorApplication\Shared\BlazorApplication.Shared.csproj", "{A26EB880-AD51-4DBE-94AB-552F41364805}"
EndProject
Global
	GlobalSection(SolutionConfigurationPlatforms) = preSolution
		Debug|Any CPU = Debug|Any CPU
		Release|Any CPU = Release|Any CPU
	EndGlobalSection
	GlobalSection(ProjectConfigurationPlatforms) = postSolution
		{18ABBD3E-24FD-4492-A6D3-40021FBFCFFE}.Debug|Any CPU.ActiveCfg = Debug|Any CPU
		{18ABBD3E-24FD-4492-A6D3-40021FBFCFFE}.Debug|Any CPU.Build.0 = Debug|Any CPU
		{18ABBD3E-24FD-4492-A6D3-40021FBFCFFE}.Release|Any CPU.ActiveCfg = Release|Any CPU
		{18ABBD3E-24FD-4492-A6D3-40021FBFCFFE}.Release|Any CPU.Build.0 = Release|Any CPU
		{87F4CF18-6CE0-45E8-96F3-D92D19F01789}.Debug|Any CPU.ActiveCfg = Debug|Any CPU
		{87F4CF18-6CE0-45E8-96F3-D92D19F01789}.Debug|Any CPU.Build.0 = Debug|Any CPU
		{87F4CF18-6CE0-45E8-96F3-D92D19F01789}.Release|Any CPU.ActiveCfg = Release|Any CPU
		{87F4CF18-6CE0-45E8-96F3-D92D19F01789}.Release|Any CPU.Build.0 = Release|Any CPU
		{A26EB880-AD51-4DBE-94AB-552F41364805}.Debug|Any CPU.ActiveCfg = Debug|Any CPU
		{A26EB880-AD51-4DBE-94AB-552F41364805}.Debug|Any CPU.Build.0 = Debug|Any CPU
		{A26EB880-AD51-4DBE-94AB-552F41364805}.Release|Any CPU.ActiveCfg = Release|Any CPU
		{A26EB880-AD51-4DBE-94AB-552F41364805}.Release|Any CPU.Build.0 = Release|Any CPU
	EndGlobalSection
	GlobalSection(SolutionProperties) = preSolution
		HideSolutionNode = FALSE
	EndGlobalSection
	GlobalSection(ExtensibilityGlobals) = postSolution
		SolutionGuid = {29CF372B-4436-4F6B-BB5F-59B596A1962A}
	EndGlobalSection
EndGlobal
